
Microsoft Visual Studio Solution File, Format Version 12.00
# Visual Studio Version 17
VisualStudioVersion = 17.5.002.0
MinimumVisualStudioVersion = 10.0.40219.1
Project("{2150E333-8FDC-42A3-9474-1A3956D46DE8}") = "API", "API", "{6A39EB7E-2425-49AA-B78D-B045CFB35930}"
EndProject
Project("{9A19103F-16F7-4668-BE54-9A1E7A4F7556}") = "Ventas", "API\Ventas\Ventas.csproj", "{2A7606B9-8324-417A-8D06-201EBF2876FB}"
EndProject
Global
	GlobalSection(SolutionConfigurationPlatforms) = preSolution
		Debug|Any CPU = Debug|Any CPU
		Release|Any CPU = Release|Any CPU
	EndGlobalSection
	GlobalSection(ProjectConfigurationPlatforms) = postSolution
		{2A7606B9-8324-417A-8D06-201EBF2876FB}.Debug|Any CPU.ActiveCfg = Debug|Any CPU
		{2A7606B9-8324-417A-8D06-201EBF2876FB}.Debug|Any CPU.Build.0 = Debug|Any CPU
		{2A7606B9-8324-417A-8D06-201EBF2876FB}.Release|Any CPU.ActiveCfg = Release|Any CPU
		{2A7606B9-8324-417A-8D06-201EBF2876FB}.Release|Any CPU.Build.0 = Release|Any CPU
	EndGlobalSection
	GlobalSection(SolutionProperties) = preSolution
		HideSolutionNode = FALSE
	EndGlobalSection
	GlobalSection(NestedProjects) = preSolution
		{2A7606B9-8324-417A-8D06-201EBF2876FB} = {6A39EB7E-2425-49AA-B78D-B045CFB35930}
	EndGlobalSection
	GlobalSection(ExtensibilityGlobals) = postSolution
		SolutionGuid = {D33E0E3A-B37A-4D74-8735-81EF5C9DE453}
	EndGlobalSection
EndGlobal
